{
  "name": "webbib",
  "lockfileVersion": 2,
  "requires": true,
  "packages": {
    "": {
      "dependencies": {
        "@types/winbox": "^0.2.1",
        "eslint-plugin-tsdoc": "^0.2.14"
      },
      "devDependencies": {
        "@types/lodash": "^4.14.178"
      }
    },
    "node_modules/@microsoft/tsdoc": {
      "version": "0.13.2",
      "resolved": "https://registry.npmjs.org/@microsoft/tsdoc/-/tsdoc-0.13.2.tgz",
      "integrity": "sha512-WrHvO8PDL8wd8T2+zBGKrMwVL5IyzR3ryWUsl0PXgEV0QHup4mTLi0QcATefGI6Gx9Anu7vthPyyyLpY0EpiQg=="
    },
    "node_modules/@microsoft/tsdoc-config": {
      "version": "0.15.2",
      "resolved": "https://registry.npmjs.org/@microsoft/tsdoc-config/-/tsdoc-config-0.15.2.tgz",
      "integrity": "sha512-mK19b2wJHSdNf8znXSMYVShAHktVr/ib0Ck2FA3lsVBSEhSI/TfXT7DJQkAYgcztTuwazGcg58ZjYdk0hTCVrA==",
      "dependencies": {
        "@microsoft/tsdoc": "0.13.2",
        "ajv": "~6.12.6",
        "jju": "~1.4.0",
        "resolve": "~1.19.0"
      }
    },
    "node_modules/@types/lodash": {
      "version": "4.14.178",
      "resolved": "https://registry.npmjs.org/@types/lodash/-/lodash-4.14.178.tgz",
      "integrity": "sha512-0d5Wd09ItQWH1qFbEyQ7oTQ3GZrMfth5JkbN3EvTKLXcHLRDSXeLnlvlOn0wvxVIwK5o2M8JzP/OWz7T3NRsbw==",
      "dev": true
    },
    "node_modules/@types/winbox": {
      "version": "0.2.1",
      "resolved": "https://registry.npmjs.org/@types/winbox/-/winbox-0.2.1.tgz",
      "integrity": "sha512-fN/UQjitix7v3yDmpvzKSnDyKIiOhU5LdAj5Wcf/eRpGapoLwBELAwvVZY/2OBw23PyPKwGZ07oZxBHyIO/e3A=="
    },
    "node_modules/ajv": {
      "version": "6.12.6",
      "resolved": "https://registry.npmjs.org/ajv/-/ajv-6.12.6.tgz",
      "integrity": "sha512-j3fVLgvTo527anyYyJOGTYJbG+vnnQYvE0m5mmkc1TK+nxAppkCLMIL0aZ4dblVCNoGShhm+kzE4ZUykBoMg4g==",
      "dependencies": {
        "fast-deep-equal": "^3.1.1",
        "fast-json-stable-stringify": "^2.0.0",
        "json-schema-traverse": "^0.4.1",
        "uri-js": "^4.2.2"
      },
      "funding": {
        "type": "github",
        "url": "https://github.com/sponsors/epoberezkin"
      }
    },
    "node_modules/eslint-plugin-tsdoc": {
      "version": "0.2.14",
      "resolved": "https://registry.npmjs.org/eslint-plugin-tsdoc/-/eslint-plugin-tsdoc-0.2.14.tgz",
      "integrity": "sha512-fJ3fnZRsdIoBZgzkQjv8vAj6NeeOoFkTfgosj6mKsFjX70QV256sA/wq+y/R2+OL4L8E79VVaVWrPeZnKNe8Ng==",
      "dependencies": {
        "@microsoft/tsdoc": "0.13.2",
        "@microsoft/tsdoc-config": "0.15.2"
      }
    },
    "node_modules/fast-deep-equal": {
      "version": "3.1.3",
      "resolved": "https://registry.npmjs.org/fast-deep-equal/-/fast-deep-equal-3.1.3.tgz",
      "integrity": "sha512-f3qQ9oQy9j2AhBe/H9VC91wLmKBCCU/gDOnKNAYG5hswO7BLKj09Hc5HYNz9cGI++xlpDCIgDaitVs03ATR84Q=="
    },
    "node_modules/fast-json-stable-stringify": {
      "version": "2.1.0",
      "resolved": "https://registry.npmjs.org/fast-json-stable-stringify/-/fast-json-stable-stringify-2.1.0.tgz",
      "integrity": "sha512-lhd/wF+Lk98HZoTCtlVraHtfh5XYijIjalXck7saUtuanSDyLMxnHhSXEDJqHxD7msR8D0uCmqlkwjCV8xvwHw=="
    },
    "node_modules/function-bind": {
      "version": "1.1.1",
      "resolved": "https://registry.npmjs.org/function-bind/-/function-bind-1.1.1.tgz",
      "integrity": "sha512-yIovAzMX49sF8Yl58fSCWJ5svSLuaibPxXQJFLmBObTuCr0Mf1KiPopGM9NiFjiYBCbfaa2Fh6breQ6ANVTI0A=="
    },
    "node_modules/has": {
      "version": "1.0.3",
      "resolved": "https://registry.npmjs.org/has/-/has-1.0.3.tgz",
      "integrity": "sha512-f2dvO0VU6Oej7RkWJGrehjbzMAjFp5/VKPp5tTpWIV4JHHZK1/BxbFRtf/siA2SWTe09caDmVtYYzWEIbBS4zw==",
      "dependencies": {
        "function-bind": "^1.1.1"
      },
      "engines": {
        "node": ">= 0.4.0"
      }
    },
    "node_modules/is-core-module": {
      "version": "2.8.1",
      "resolved": "https://registry.npmjs.org/is-core-module/-/is-core-module-2.8.1.tgz",
      "integrity": "sha512-SdNCUs284hr40hFTFP6l0IfZ/RSrMXF3qgoRHd3/79unUTvrFO/JoXwkGm+5J/Oe3E/b5GsnG330uUNgRpu1PA==",
      "dependencies": {
        "has": "^1.0.3"
      },
      "funding": {
        "url": "https://github.com/sponsors/ljharb"
      }
    },
    "node_modules/jju": {
      "version": "1.4.0",
      "resolved": "https://registry.npmjs.org/jju/-/jju-1.4.0.tgz",
      "integrity": "sha1-o6vicYryQaKykE+EpiWXDzia4yo="
    },
    "node_modules/json-schema-traverse": {
      "version": "0.4.1",
      "resolved": "https://registry.npmjs.org/json-schema-traverse/-/json-schema-traverse-0.4.1.tgz",
      "integrity": "sha512-xbbCH5dCYU5T8LcEhhuh7HJ88HXuW3qsI3Y0zOZFKfZEHcpWiHU/Jxzk629Brsab/mMiHQti9wMP+845RPe3Vg=="
    },
    "node_modules/path-parse": {
      "version": "1.0.7",
      "resolved": "https://registry.npmjs.org/path-parse/-/path-parse-1.0.7.tgz",
      "integrity": "sha512-LDJzPVEEEPR+y48z93A0Ed0yXb8pAByGWo/k5YYdYgpY2/2EsOsksJrq7lOHxryrVOn1ejG6oAp8ahvOIQD8sw=="
    },
    "node_modules/punycode": {
      "version": "2.1.1",
      "resolved": "https://registry.npmjs.org/punycode/-/punycode-2.1.1.tgz",
      "integrity": "sha512-XRsRjdf+j5ml+y/6GKHPZbrF/8p2Yga0JPtdqTIY2Xe5ohJPD9saDJJLPvp9+NSBprVvevdXZybnj2cv8OEd0A==",
      "engines": {
        "node": ">=6"
      }
    },
    "node_modules/resolve": {
      "version": "1.19.0",
      "resolved": "https://registry.npmjs.org/resolve/-/resolve-1.19.0.tgz",
      "integrity": "sha512-rArEXAgsBG4UgRGcynxWIWKFvh/XZCcS8UJdHhwy91zwAvCZIbcs+vAbflgBnNjYMs/i/i+/Ux6IZhML1yPvxg==",
      "dependencies": {
        "is-core-module": "^2.1.0",
        "path-parse": "^1.0.6"
      },
      "funding": {
        "url": "https://github.com/sponsors/ljharb"
      }
    },
    "node_modules/uri-js": {
      "version": "4.4.1",
      "resolved": "https://registry.npmjs.org/uri-js/-/uri-js-4.4.1.tgz",
      "integrity": "sha512-7rKUyy33Q1yc98pQ1DAmLtwX109F7TIfWlW1Ydo8Wl1ii1SeHieeh0HHfPeL2fMXK6z0s8ecKs9frCuLJvndBg==",
      "dependencies": {
        "punycode": "^2.1.0"
      }
    }
  },
  "dependencies": {
    "@microsoft/tsdoc": {
      "version": "0.13.2",
      "resolved": "https://registry.npmjs.org/@microsoft/tsdoc/-/tsdoc-0.13.2.tgz",
      "integrity": "sha512-WrHvO8PDL8wd8T2+zBGKrMwVL5IyzR3ryWUsl0PXgEV0QHup4mTLi0QcATefGI6Gx9Anu7vthPyyyLpY0EpiQg=="
    },
    "@microsoft/tsdoc-config": {
      "version": "0.15.2",
      "resolved": "https://registry.npmjs.org/@microsoft/tsdoc-config/-/tsdoc-config-0.15.2.tgz",
      "integrity": "sha512-mK19b2wJHSdNf8znXSMYVShAHktVr/ib0Ck2FA3lsVBSEhSI/TfXT7DJQkAYgcztTuwazGcg58ZjYdk0hTCVrA==",
      "requires": {
        "@microsoft/tsdoc": "0.13.2",
        "ajv": "~6.12.6",
        "jju": "~1.4.0",
        "resolve": "~1.19.0"
      }
    },
    "@types/lodash": {
      "version": "4.14.178",
      "resolved": "https://registry.npmjs.org/@types/lodash/-/lodash-4.14.178.tgz",
      "integrity": "sha512-0d5Wd09ItQWH1qFbEyQ7oTQ3GZrMfth5JkbN3EvTKLXcHLRDSXeLnlvlOn0wvxVIwK5o2M8JzP/OWz7T3NRsbw==",
      "dev": true
    },
    "@types/winbox": {
      "version": "0.2.1",
      "resolved": "https://registry.npmjs.org/@types/winbox/-/winbox-0.2.1.tgz",
      "integrity": "sha512-fN/UQjitix7v3yDmpvzKSnDyKIiOhU5LdAj5Wcf/eRpGapoLwBELAwvVZY/2OBw23PyPKwGZ07oZxBHyIO/e3A=="
    },
    "ajv": {
      "version": "6.12.6",
      "resolved": "https://registry.npmjs.org/ajv/-/ajv-6.12.6.tgz",
      "integrity": "sha512-j3fVLgvTo527anyYyJOGTYJbG+vnnQYvE0m5mmkc1TK+nxAppkCLMIL0aZ4dblVCNoGShhm+kzE4ZUykBoMg4g==",
      "requires": {
        "fast-deep-equal": "^3.1.1",
        "fast-json-stable-stringify": "^2.0.0",
        "json-schema-traverse": "^0.4.1",
        "uri-js": "^4.2.2"
      }
    },
    "eslint-plugin-tsdoc": {
      "version": "0.2.14",
      "resolved": "https://registry.npmjs.org/eslint-plugin-tsdoc/-/eslint-plugin-tsdoc-0.2.14.tgz",
      "integrity": "sha512-fJ3fnZRsdIoBZgzkQjv8vAj6NeeOoFkTfgosj6mKsFjX70QV256sA/wq+y/R2+OL4L8E79VVaVWrPeZnKNe8Ng==",
      "requires": {
        "@microsoft/tsdoc": "0.13.2",
        "@microsoft/tsdoc-config": "0.15.2"
      }
    },
    "fast-deep-equal": {
      "version": "3.1.3",
      "resolved": "https://registry.npmjs.org/fast-deep-equal/-/fast-deep-equal-3.1.3.tgz",
      "integrity": "sha512-f3qQ9oQy9j2AhBe/H9VC91wLmKBCCU/gDOnKNAYG5hswO7BLKj09Hc5HYNz9cGI++xlpDCIgDaitVs03ATR84Q=="
    },
    "fast-json-stable-stringify": {
      "version": "2.1.0",
      "resolved": "https://registry.npmjs.org/fast-json-stable-stringify/-/fast-json-stable-stringify-2.1.0.tgz",
      "integrity": "sha512-lhd/wF+Lk98HZoTCtlVraHtfh5XYijIjalXck7saUtuanSDyLMxnHhSXEDJqHxD7msR8D0uCmqlkwjCV8xvwHw=="
    },
    "function-bind": {
      "version": "1.1.1",
      "resolved": "https://registry.npmjs.org/function-bind/-/function-bind-1.1.1.tgz",
      "integrity": "sha512-yIovAzMX49sF8Yl58fSCWJ5svSLuaibPxXQJFLmBObTuCr0Mf1KiPopGM9NiFjiYBCbfaa2Fh6breQ6ANVTI0A=="
    },
    "has": {
      "version": "1.0.3",
      "resolved": "https://registry.npmjs.org/has/-/has-1.0.3.tgz",
      "integrity": "sha512-f2dvO0VU6Oej7RkWJGrehjbzMAjFp5/VKPp5tTpWIV4JHHZK1/BxbFRtf/siA2SWTe09caDmVtYYzWEIbBS4zw==",
      "requires": {
        "function-bind": "^1.1.1"
      }
    },
    "is-core-module": {
      "version": "2.8.1",
      "resolved": "https://registry.npmjs.org/is-core-module/-/is-core-module-2.8.1.tgz",
      "integrity": "sha512-SdNCUs284hr40hFTFP6l0IfZ/RSrMXF3qgoRHd3/79unUTvrFO/JoXwkGm+5J/Oe3E/b5GsnG330uUNgRpu1PA==",
      "requires": {
        "has": "^1.0.3"
      }
    },
    "jju": {
      "version": "1.4.0",
      "resolved": "https://registry.npmjs.org/jju/-/jju-1.4.0.tgz",
      "integrity": "sha1-o6vicYryQaKykE+EpiWXDzia4yo="
    },
    "json-schema-traverse": {
      "version": "0.4.1",
      "resolved": "https://registry.npmjs.org/json-schema-traverse/-/json-schema-traverse-0.4.1.tgz",
      "integrity": "sha512-xbbCH5dCYU5T8LcEhhuh7HJ88HXuW3qsI3Y0zOZFKfZEHcpWiHU/Jxzk629Brsab/mMiHQti9wMP+845RPe3Vg=="
    },
    "path-parse": {
      "version": "1.0.7",
      "resolved": "https://registry.npmjs.org/path-parse/-/path-parse-1.0.7.tgz",
      "integrity": "sha512-LDJzPVEEEPR+y48z93A0Ed0yXb8pAByGWo/k5YYdYgpY2/2EsOsksJrq7lOHxryrVOn1ejG6oAp8ahvOIQD8sw=="
    },
    "punycode": {
      "version": "2.1.1",
      "resolved": "https://registry.npmjs.org/punycode/-/punycode-2.1.1.tgz",
      "integrity": "sha512-XRsRjdf+j5ml+y/6GKHPZbrF/8p2Yga0JPtdqTIY2Xe5ohJPD9saDJJLPvp9+NSBprVvevdXZybnj2cv8OEd0A=="
    },
    "resolve": {
      "version": "1.19.0",
      "resolved": "https://registry.npmjs.org/resolve/-/resolve-1.19.0.tgz",
      "integrity": "sha512-rArEXAgsBG4UgRGcynxWIWKFvh/XZCcS8UJdHhwy91zwAvCZIbcs+vAbflgBnNjYMs/i/i+/Ux6IZhML1yPvxg==",
      "requires": {
        "is-core-module": "^2.1.0",
        "path-parse": "^1.0.6"
      }
    },
    "uri-js": {
      "version": "4.4.1",
      "resolved": "https://registry.npmjs.org/uri-js/-/uri-js-4.4.1.tgz",
      "integrity": "sha512-7rKUyy33Q1yc98pQ1DAmLtwX109F7TIfWlW1Ydo8Wl1ii1SeHieeh0HHfPeL2fMXK6z0s8ecKs9frCuLJvndBg==",
      "requires": {
        "punycode": "^2.1.0"
      }
    }
  }
}
